
Microsoft Visual Studio Solution File, Format Version 12.00
Project("{FAE04EC0-301F-11D3-BF4B-00C04F79EFBC}") = "ReactOnlineActivity", "ReactOnlineActivity\ReactOnlineActivity.csproj", "{9AC5A3C5-F966-4343-AD28-0C4AAD4FC903}"
EndProject
Project("{FAE04EC0-301F-11D3-BF4B-00C04F79EFBC}") = "Game", "Game\Game.csproj", "{973C8C4F-9573-402B-91A3-2FB1871EA122}"
EndProject
Global
	GlobalSection(SolutionConfigurationPlatforms) = preSolution
		Debug|Any CPU = Debug|Any CPU
		Release|Any CPU = Release|Any CPU
	EndGlobalSection
	GlobalSection(ProjectConfigurationPlatforms) = postSolution
		{9AC5A3C5-F966-4343-AD28-0C4AAD4FC903}.Debug|Any CPU.ActiveCfg = Debug|Any CPU
		{9AC5A3C5-F966-4343-AD28-0C4AAD4FC903}.Debug|Any CPU.Build.0 = Debug|Any CPU
		{9AC5A3C5-F966-4343-AD28-0C4AAD4FC903}.Release|Any CPU.ActiveCfg = Release|Any CPU
		{9AC5A3C5-F966-4343-AD28-0C4AAD4FC903}.Release|Any CPU.Build.0 = Release|Any CPU
		{973C8C4F-9573-402B-91A3-2FB1871EA122}.Debug|Any CPU.ActiveCfg = Debug|Any CPU
		{973C8C4F-9573-402B-91A3-2FB1871EA122}.Debug|Any CPU.Build.0 = Debug|Any CPU
		{973C8C4F-9573-402B-91A3-2FB1871EA122}.Release|Any CPU.ActiveCfg = Release|Any CPU
		{973C8C4F-9573-402B-91A3-2FB1871EA122}.Release|Any CPU.Build.0 = Release|Any CPU
	EndGlobalSection
EndGlobal
